
Microsoft Visual Studio Solution File, Format Version 12.00
# Visual Studio 15
VisualStudioVersion = 15.0.28307.168
MinimumVisualStudioVersion = 10.0.40219.1
Project("{FAE04EC0-301F-11D3-BF4B-00C04F79EFBC}") = "Universe.Curses", "Universe.Curses\Universe.Curses.csproj", "{88EED2EC-C3EB-404C-969E-CEAD4EBDB532}"
EndProject
Project("{FAE04EC0-301F-11D3-BF4B-00C04F79EFBC}") = "LinuxNetStatLab", "LinuxNetStatLab\LinuxNetStatLab.csproj", "{54F5379C-7536-4D0F-A44D-83029C28E4B5}"
EndProject
Project("{FAE04EC0-301F-11D3-BF4B-00C04F79EFBC}") = "MountLab", "MountLab\MountLab.csproj", "{1B2CAB53-9ACE-4224-82EF-739E5511F0C9}"
EndProject
Project("{FAE04EC0-301F-11D3-BF4B-00C04F79EFBC}") = "KernelManagementJam", "KernelManagementJam\KernelManagementJam.csproj", "{70135162-6D76-4F89-8805-743FC7A8A67F}"
EndProject
Project("{FAE04EC0-301F-11D3-BF4B-00C04F79EFBC}") = "Universe.W3Top", "Universe.W3Top\Universe.W3Top.csproj", "{59AF751A-1F00-4753-8C2D-1A9B67B187B3}"
EndProject
Project("{FAE04EC0-301F-11D3-BF4B-00C04F79EFBC}") = "Universe.Dashboard.DAL", "Universe.Dashboard.DAL\Universe.Dashboard.DAL.csproj", "{EB0B61AE-A23C-4C50-A043-B70B18B4BD96}"
EndProject
Project("{FAE04EC0-301F-11D3-BF4B-00C04F79EFBC}") = "Universe.Dashboard.Agent", "Universe.Dashboard.Agent\Universe.Dashboard.Agent.csproj", "{E35FA273-230F-44EF-9E58-2ED194615F1C}"
EndProject
Project("{FAE04EC0-301F-11D3-BF4B-00C04F79EFBC}") = "JsonLab", "JsonLab\JsonLab.csproj", "{14118F65-0FF7-4D6A-955A-F81FB49BD2FB}"
EndProject
Project("{FAE04EC0-301F-11D3-BF4B-00C04F79EFBC}") = "BenchmarkLab", "BenchmarkLab\BenchmarkLab.csproj", "{865C2371-7EBF-436A-AF70-1EAD2628C2E8}"
EndProject
Project("{FAE04EC0-301F-11D3-BF4B-00C04F79EFBC}") = "KernelManagementJam.Tests", "KernelManagementJam.Tests\KernelManagementJam.Tests.csproj", "{9D0F2653-625C-4018-9AA9-1BB2EB7E9D2F}"
EndProject
Project("{FAE04EC0-301F-11D3-BF4B-00C04F79EFBC}") = "Universe.Dashboard.DAL.Tests", "Universe.Dashboard.DAL.Tests\Universe.Dashboard.DAL.Tests.csproj", "{10F344E5-5F88-47A4-9A1B-40AD1D5EF341}"
EndProject
Global
	GlobalSection(SolutionConfigurationPlatforms) = preSolution
		Debug|Any CPU = Debug|Any CPU
		Debug|x86 = Debug|x86
		Release|Any CPU = Release|Any CPU
		Release|x86 = Release|x86
	EndGlobalSection
	GlobalSection(ProjectConfigurationPlatforms) = postSolution
		{88EED2EC-C3EB-404C-969E-CEAD4EBDB532}.Debug|Any CPU.ActiveCfg = Debug|x86
		{88EED2EC-C3EB-404C-969E-CEAD4EBDB532}.Debug|x86.ActiveCfg = Debug|x86
		{88EED2EC-C3EB-404C-969E-CEAD4EBDB532}.Debug|x86.Build.0 = Debug|x86
		{88EED2EC-C3EB-404C-969E-CEAD4EBDB532}.Release|Any CPU.ActiveCfg = Release|x86
		{88EED2EC-C3EB-404C-969E-CEAD4EBDB532}.Release|x86.ActiveCfg = Release|x86
		{88EED2EC-C3EB-404C-969E-CEAD4EBDB532}.Release|x86.Build.0 = Release|x86
		{54F5379C-7536-4D0F-A44D-83029C28E4B5}.Debug|Any CPU.ActiveCfg = Debug|Any CPU
		{54F5379C-7536-4D0F-A44D-83029C28E4B5}.Debug|Any CPU.Build.0 = Debug|Any CPU
		{54F5379C-7536-4D0F-A44D-83029C28E4B5}.Debug|x86.ActiveCfg = Debug|Any CPU
		{54F5379C-7536-4D0F-A44D-83029C28E4B5}.Debug|x86.Build.0 = Debug|Any CPU
		{54F5379C-7536-4D0F-A44D-83029C28E4B5}.Release|Any CPU.ActiveCfg = Release|Any CPU
		{54F5379C-7536-4D0F-A44D-83029C28E4B5}.Release|Any CPU.Build.0 = Release|Any CPU
		{54F5379C-7536-4D0F-A44D-83029C28E4B5}.Release|x86.ActiveCfg = Release|Any CPU
		{54F5379C-7536-4D0F-A44D-83029C28E4B5}.Release|x86.Build.0 = Release|Any CPU
		{1B2CAB53-9ACE-4224-82EF-739E5511F0C9}.Debug|Any CPU.ActiveCfg = Debug|Any CPU
		{1B2CAB53-9ACE-4224-82EF-739E5511F0C9}.Debug|Any CPU.Build.0 = Debug|Any CPU
		{1B2CAB53-9ACE-4224-82EF-739E5511F0C9}.Debug|x86.ActiveCfg = Debug|Any CPU
		{1B2CAB53-9ACE-4224-82EF-739E5511F0C9}.Debug|x86.Build.0 = Debug|Any CPU
		{1B2CAB53-9ACE-4224-82EF-739E5511F0C9}.Release|Any CPU.ActiveCfg = Release|Any CPU
		{1B2CAB53-9ACE-4224-82EF-739E5511F0C9}.Release|Any CPU.Build.0 = Release|Any CPU
		{1B2CAB53-9ACE-4224-82EF-739E5511F0C9}.Release|x86.ActiveCfg = Release|Any CPU
		{1B2CAB53-9ACE-4224-82EF-739E5511F0C9}.Release|x86.Build.0 = Release|Any CPU
		{70135162-6D76-4F89-8805-743FC7A8A67F}.Debug|Any CPU.ActiveCfg = Debug|Any CPU
		{70135162-6D76-4F89-8805-743FC7A8A67F}.Debug|Any CPU.Build.0 = Debug|Any CPU
		{70135162-6D76-4F89-8805-743FC7A8A67F}.Debug|x86.ActiveCfg = Debug|Any CPU
		{70135162-6D76-4F89-8805-743FC7A8A67F}.Debug|x86.Build.0 = Debug|Any CPU
		{70135162-6D76-4F89-8805-743FC7A8A67F}.Release|Any CPU.ActiveCfg = Release|Any CPU
		{70135162-6D76-4F89-8805-743FC7A8A67F}.Release|Any CPU.Build.0 = Release|Any CPU
		{70135162-6D76-4F89-8805-743FC7A8A67F}.Release|x86.ActiveCfg = Release|Any CPU
		{70135162-6D76-4F89-8805-743FC7A8A67F}.Release|x86.Build.0 = Release|Any CPU
		{59AF751A-1F00-4753-8C2D-1A9B67B187B3}.Debug|Any CPU.ActiveCfg = Debug|Any CPU
		{59AF751A-1F00-4753-8C2D-1A9B67B187B3}.Debug|Any CPU.Build.0 = Debug|Any CPU
		{59AF751A-1F00-4753-8C2D-1A9B67B187B3}.Debug|x86.ActiveCfg = Debug|Any CPU
		{59AF751A-1F00-4753-8C2D-1A9B67B187B3}.Debug|x86.Build.0 = Debug|Any CPU
		{59AF751A-1F00-4753-8C2D-1A9B67B187B3}.Release|Any CPU.ActiveCfg = Release|Any CPU
		{59AF751A-1F00-4753-8C2D-1A9B67B187B3}.Release|Any CPU.Build.0 = Release|Any CPU
		{59AF751A-1F00-4753-8C2D-1A9B67B187B3}.Release|x86.ActiveCfg = Release|Any CPU
		{59AF751A-1F00-4753-8C2D-1A9B67B187B3}.Release|x86.Build.0 = Release|Any CPU
		{EB0B61AE-A23C-4C50-A043-B70B18B4BD96}.Debug|Any CPU.ActiveCfg = Debug|Any CPU
		{EB0B61AE-A23C-4C50-A043-B70B18B4BD96}.Debug|Any CPU.Build.0 = Debug|Any CPU
		{EB0B61AE-A23C-4C50-A043-B70B18B4BD96}.Debug|x86.ActiveCfg = Debug|Any CPU
		{EB0B61AE-A23C-4C50-A043-B70B18B4BD96}.Debug|x86.Build.0 = Debug|Any CPU
		{EB0B61AE-A23C-4C50-A043-B70B18B4BD96}.Release|Any CPU.ActiveCfg = Release|Any CPU
		{EB0B61AE-A23C-4C50-A043-B70B18B4BD96}.Release|Any CPU.Build.0 = Release|Any CPU
		{EB0B61AE-A23C-4C50-A043-B70B18B4BD96}.Release|x86.ActiveCfg = Release|Any CPU
		{EB0B61AE-A23C-4C50-A043-B70B18B4BD96}.Release|x86.Build.0 = Release|Any CPU
		{E35FA273-230F-44EF-9E58-2ED194615F1C}.Debug|Any CPU.ActiveCfg = Debug|Any CPU
		{E35FA273-230F-44EF-9E58-2ED194615F1C}.Debug|Any CPU.Build.0 = Debug|Any CPU
		{E35FA273-230F-44EF-9E58-2ED194615F1C}.Debug|x86.ActiveCfg = Debug|Any CPU
		{E35FA273-230F-44EF-9E58-2ED194615F1C}.Debug|x86.Build.0 = Debug|Any CPU
		{E35FA273-230F-44EF-9E58-2ED194615F1C}.Release|Any CPU.ActiveCfg = Release|Any CPU
		{E35FA273-230F-44EF-9E58-2ED194615F1C}.Release|Any CPU.Build.0 = Release|Any CPU
		{E35FA273-230F-44EF-9E58-2ED194615F1C}.Release|x86.ActiveCfg = Release|Any CPU
		{E35FA273-230F-44EF-9E58-2ED194615F1C}.Release|x86.Build.0 = Release|Any CPU
		{14118F65-0FF7-4D6A-955A-F81FB49BD2FB}.Debug|Any CPU.ActiveCfg = Debug|Any CPU
		{14118F65-0FF7-4D6A-955A-F81FB49BD2FB}.Debug|Any CPU.Build.0 = Debug|Any CPU
		{14118F65-0FF7-4D6A-955A-F81FB49BD2FB}.Debug|x86.ActiveCfg = Debug|Any CPU
		{14118F65-0FF7-4D6A-955A-F81FB49BD2FB}.Debug|x86.Build.0 = Debug|Any CPU
		{14118F65-0FF7-4D6A-955A-F81FB49BD2FB}.Release|Any CPU.ActiveCfg = Release|Any CPU
		{14118F65-0FF7-4D6A-955A-F81FB49BD2FB}.Release|Any CPU.Build.0 = Release|Any CPU
		{14118F65-0FF7-4D6A-955A-F81FB49BD2FB}.Release|x86.ActiveCfg = Release|Any CPU
		{14118F65-0FF7-4D6A-955A-F81FB49BD2FB}.Release|x86.Build.0 = Release|Any CPU
		{865C2371-7EBF-436A-AF70-1EAD2628C2E8}.Debug|Any CPU.ActiveCfg = Debug|Any CPU
		{865C2371-7EBF-436A-AF70-1EAD2628C2E8}.Debug|Any CPU.Build.0 = Debug|Any CPU
		{865C2371-7EBF-436A-AF70-1EAD2628C2E8}.Debug|x86.ActiveCfg = Debug|Any CPU
		{865C2371-7EBF-436A-AF70-1EAD2628C2E8}.Debug|x86.Build.0 = Debug|Any CPU
		{865C2371-7EBF-436A-AF70-1EAD2628C2E8}.Release|Any CPU.ActiveCfg = Release|Any CPU
		{865C2371-7EBF-436A-AF70-1EAD2628C2E8}.Release|Any CPU.Build.0 = Release|Any CPU
		{865C2371-7EBF-436A-AF70-1EAD2628C2E8}.Release|x86.ActiveCfg = Release|Any CPU
		{865C2371-7EBF-436A-AF70-1EAD2628C2E8}.Release|x86.Build.0 = Release|Any CPU
		{9D0F2653-625C-4018-9AA9-1BB2EB7E9D2F}.Debug|Any CPU.ActiveCfg = Debug|Any CPU
		{9D0F2653-625C-4018-9AA9-1BB2EB7E9D2F}.Debug|Any CPU.Build.0 = Debug|Any CPU
		{9D0F2653-625C-4018-9AA9-1BB2EB7E9D2F}.Debug|x86.ActiveCfg = Debug|Any CPU
		{9D0F2653-625C-4018-9AA9-1BB2EB7E9D2F}.Debug|x86.Build.0 = Debug|Any CPU
		{9D0F2653-625C-4018-9AA9-1BB2EB7E9D2F}.Release|Any CPU.ActiveCfg = Release|Any CPU
		{9D0F2653-625C-4018-9AA9-1BB2EB7E9D2F}.Release|Any CPU.Build.0 = Release|Any CPU
		{9D0F2653-625C-4018-9AA9-1BB2EB7E9D2F}.Release|x86.ActiveCfg = Release|Any CPU
		{9D0F2653-625C-4018-9AA9-1BB2EB7E9D2F}.Release|x86.Build.0 = Release|Any CPU
		{10F344E5-5F88-47A4-9A1B-40AD1D5EF341}.Debug|Any CPU.ActiveCfg = Debug|Any CPU
		{10F344E5-5F88-47A4-9A1B-40AD1D5EF341}.Debug|Any CPU.Build.0 = Debug|Any CPU
		{10F344E5-5F88-47A4-9A1B-40AD1D5EF341}.Debug|x86.ActiveCfg = Debug|Any CPU
		{10F344E5-5F88-47A4-9A1B-40AD1D5EF341}.Debug|x86.Build.0 = Debug|Any CPU
		{10F344E5-5F88-47A4-9A1B-40AD1D5EF341}.Release|Any CPU.ActiveCfg = Release|Any CPU
		{10F344E5-5F88-47A4-9A1B-40AD1D5EF341}.Release|Any CPU.Build.0 = Release|Any CPU
		{10F344E5-5F88-47A4-9A1B-40AD1D5EF341}.Release|x86.ActiveCfg = Release|Any CPU
		{10F344E5-5F88-47A4-9A1B-40AD1D5EF341}.Release|x86.Build.0 = Release|Any CPU
	EndGlobalSection
	GlobalSection(SolutionProperties) = preSolution
		HideSolutionNode = FALSE
	EndGlobalSection
	GlobalSection(ExtensibilityGlobals) = postSolution
										SolutionGuid = {EEEC5BAC-CB1C-4C8D-A0E5-673DA9BA9245}
		SolutionGuid = {233981C4-D342-4336-BEF8-16C56B3CD85E}
	EndGlobalSection
EndGlobal
